
Microsoft Visual Studio Solution File, Format Version 12.00
# Visual Studio Version 17
VisualStudioVersion = 17.1.32210.238
MinimumVisualStudioVersion = 10.0.40219.1
Project("{FAE04EC0-301F-11D3-BF4B-00C04F79EFBC}") = "ArkServerAutoPause", "ArkServerAutoPause\ArkServerAutoPause.csproj", "{807506E0-DA2E-463A-BD5B-6DD80B5528D2}"
EndProject
Global
	GlobalSection(SolutionConfigurationPlatforms) = preSolution
		Debug|Any CPU = Debug|Any CPU
		Release|Any CPU = Release|Any CPU
	EndGlobalSection
	GlobalSection(ProjectConfigurationPlatforms) = postSolution
		{807506E0-DA2E-463A-BD5B-6DD80B5528D2}.Debug|Any CPU.ActiveCfg = Debug|Any CPU
		{807506E0-DA2E-463A-BD5B-6DD80B5528D2}.Debug|Any CPU.Build.0 = Debug|Any CPU
		{807506E0-DA2E-463A-BD5B-6DD80B5528D2}.Release|Any CPU.ActiveCfg = Release|Any CPU
		{807506E0-DA2E-463A-BD5B-6DD80B5528D2}.Release|Any CPU.Build.0 = Release|Any CPU
	EndGlobalSection
	GlobalSection(SolutionProperties) = preSolution
		HideSolutionNode = FALSE
	EndGlobalSection
	GlobalSection(ExtensibilityGlobals) = postSolution
		SolutionGuid = {6D5294C5-E2C5-4115-BB84-2B0DBD6465B8}
	EndGlobalSection
EndGlobal
